PODS:
  - CoatySwift (2.1.0):
    - CocoaMQTT (~> 1.2.5)
    - RxCocoa (~> 5.1.1)
    - RxSwift (~> 5.1.1)
    - XCGLogger (~> 7.0.1)
  - CocoaAsyncSocket (7.6.4)
  - CocoaMQTT (1.2.5):
    - CocoaAsyncSocket (~> 7.6.3)
  - ObjcExceptionBridging (1.0.1):
    - ObjcExceptionBridging/ObjcExceptionBridging (= 1.0.1)
  - ObjcExceptionBridging/ObjcExceptionBridging (1.0.1)
  - RxCocoa (5.1.1):
    - RxRelay (~> 5)
    - RxSwift (~> 5)
  - RxRelay (5.1.1):
    - RxSwift (~> 5)
  - RxSwift (5.1.1)
  - XCGLogger (7.0.1):
    - XCGLogger/Core (= 7.0.1)
  - XCGLogger/Core (7.0.1):
    - ObjcExceptionBridging

DEPENDENCIES:
  - CoatySwift (from `./`)
  - CocoaMQTT (~> 1.2.5)
  - RxCocoa (~> 5.1.1)
  - RxSwift (~> 5.1.1)
  - XCGLogger (~> 7.0.1)

SPEC REPOS:
  trunk:
    - CocoaAsyncSocket
    - CocoaMQTT
    - ObjcExceptionBridging
    - RxCocoa
    - RxRelay
    - RxSwift
    - XCGLogger

EXTERNAL SOURCES:
  CoatySwift:
    :path: "./"

SPEC CHECKSUMS:
  CoatySwift: 2e475c7a41a47c03305b6cced4c2502a021febb7
  CocoaAsyncSocket: 694058e7c0ed05a9e217d1b3c7ded962f4180845
  CocoaMQTT: a61490ed3b328011c5d75169a77781983e2bb221
  ObjcExceptionBridging: c30e00eb3700467e695faeea30e26e18bd445001
  RxCocoa: 32065309a38d29b5b0db858819b5bf9ef038b601
  RxRelay: d77f7d771495f43c556cbc43eebd1bb54d01e8e9
  RxSwift: 81470a2074fa8780320ea5fe4102807cb7118178
  XCGLogger: 1943831ef907df55108b0b18657953f868de973b

PODFILE CHECKSUM: 921d1eedc7f4444d873590fa9672530b9ec2e2ac

COCOAPODS: 1.9.1
